// !$*UTF8*$!
{
	archiveVersion = 1;
	classes = {
	};
	objectVersion = 54;
	objects = {

/* Begin PBXBuildFile section */
		00E356F31AD99517003FC87E /* Rn_NavigationTests.m in Sources */ = {isa = PBXBuildFile; fileRef = 00E356F21AD99517003FC87E /* Rn_NavigationTests.m */; };
		0C80B921A6F3F58F76C31292 /* libPods-Rn_Navigation.a in Frameworks */ = {isa = PBXBuildFile; fileRef = 5DCACB8F33CDC322A6C60F78 /* libPods-Rn_Navigation.a */; };
		13B07FBC1A68108700A75B9A /* AppDelegate.mm in Sources */ = {isa = PBXBuildFile; fileRef = 13B07FB01A68108700A75B9A /* AppDelegate.mm */; };
		13B07FBF1A68108700A75B9A /* Images.xcassets in Resources */ = {isa = PBXBuildFile; fileRef = 13B07FB51A68108700A75B9A /* Images.xcassets */; };
		13B07FC11A68108700A75B9A /* main.m in Sources */ = {isa = PBXBuildFile; fileRef = 13B07FB71A68108700A75B9A /* main.m */; };
		7699B88040F8A987B510C191 /* libPods-Rn_Navigation-Rn_NavigationTests.a in Frameworks */ = {isa = PBXBuildFile; fileRef = 19F6CBCC0A4E27FBF8BF4A61 /* libPods-Rn_Navigation-Rn_NavigationTests.a */; };
		81AB9BB82411601600AC10FF /* LaunchScreen.storyboard in Resources */ = {isa = PBXBuildFile; fileRef = 81AB9BB72411601600AC10FF /* LaunchScreen.storyboard */; };
		F79842DB64284238B8045D89 /* Inter-Bold.ttf in Resources */ = {isa = PBXBuildFile; fileRef = E6C1734CA4EC4EE68AE8D4C6 /* Inter-Bold.ttf */; };
		2A65EECF970C4663B004730F /* Roboto-Bold.ttf in Resources */ = {isa = PBXBuildFile; fileRef = 02F7E622645A4E8A912864E3 /* Roboto-Bold.ttf */; };
		EAD78CA4B6A248C3BE405DA9 /* Roboto-BoldItalic.ttf in Resources */ = {isa = PBXBuildFile; fileRef = C5F74EA5500E4539870C02C2 /* Roboto-BoldItalic.ttf */; };
		E0F69CEE027C445E931E06E7 /* Roboto-Italic.ttf in Resources */ = {isa = PBXBuildFile; fileRef = C9EBA2EE760B40909DFFF804 /* Roboto-Italic.ttf */; };
		C73DAD02BCF5426987E471DA /* Roboto-Medium.ttf in Resources */ = {isa = PBXBuildFile; fileRef = D52FBEDA368A4E4A9B858E0F /* Roboto-Medium.ttf */; };
		EDEB152057884A6CB9340393 /* Roboto-MediumItalic.ttf in Resources */ = {isa = PBXBuildFile; fileRef = DD134184FDB54C498E69A1DB /* Roboto-MediumItalic.ttf */; };
		E20F9E9D41AE4314ABCE3B39 /* Roboto-Regular.ttf in Resources */ = {isa = PBXBuildFile; fileRef = 0486E1A8461543C1A97FD0C4 /* Roboto-Regular.ttf */; };
		3D88635350A943FE9B28AA3C /* fortnite.webp in Resources */ = {isa = PBXBuildFile; fileRef = 6C9C427922A8470D9D0709EF /* fortnite.webp */; };
		131237BD41CD42F7B9EBDA87 /* facebook.svg in Resources */ = {isa = PBXBuildFile; fileRef = 0AC595D8173B4D9E9C238F24 /* facebook.svg */; };
		5D3D2CC64644448EAC734289 /* gaming.svg in Resources */ = {isa = PBXBuildFile; fileRef = F64EC87E03DE4FCD9279F7E3 /* gaming.svg */; };
		9A791FBBE1E34284BAA627A9 /* google.svg in Resources */ = {isa = PBXBuildFile; fileRef = 651B32993B95425CA221BE44 /* google.svg */; };
		AF241C889C65419EB6E2D1BB /* login.svg in Resources */ = {isa = PBXBuildFile; fileRef = 40013D97C32548B9BFC42B40 /* login.svg */; };
		68C9B87F897F4588B56A1621 /* registration.svg in Resources */ = {isa = PBXBuildFile; fileRef = C52A40B969BE42CE8D4691AC /* registration.svg */; };
		B1417D1B436243C8A59B6429 /* twitter.svg in Resources */ = {isa = PBXBuildFile; fileRef = 6461ACD966164B8AAB54E1F8 /* twitter.svg */; };
		6A96336F612E48BAAD3CBC4D /* spiderman.webp in Resources */ = {isa = PBXBuildFile; fileRef = BB9E0D844677495C88D559A0 /* spiderman.webp */; };
		B1D22DDCDC3243DB8586DF8B /* farcry6.png in Resources */ = {isa = PBXBuildFile; fileRef = 3CBEECCC8FE9483C8690230D /* farcry6.png */; };
		B376EAA932804731B9607313 /* altosodyssey.jpeg in Resources */ = {isa = PBXBuildFile; fileRef = D8372E984074458C8870CEAE /* altosodyssey.jpeg */; };
		A4DE95AD010D4E868ED3512F /* asphalt9.jpeg in Resources */ = {isa = PBXBuildFile; fileRef = 66441AE3EAE44958BD064B2C /* asphalt9.jpeg */; };
		12D9BD02E64144258442C533 /* battlefield2042.webp in Resources */ = {isa = PBXBuildFile; fileRef = 4898CF1CC1DD4CFDAD0E4E5F /* battlefield2042.webp */; };
		19B16727D03443F7B387A831 /* diablo4.jpeg in Resources */ = {isa = PBXBuildFile; fileRef = DF9D20CF4886499EAF54758B /* diablo4.jpeg */; };
		B3D8A4FA0EED4FF6BA525D5D /* genshinimpact.jpeg in Resources */ = {isa = PBXBuildFile; fileRef = 9ED3417493C04A92BA9BB719 /* genshinimpact.jpeg */; };
		DC5F22CD3461413CBC7FC0A8 /* godofwar.jpeg in Resources */ = {isa = PBXBuildFile; fileRef = 55A4C0CBFCBA4EA2B3E21CD1 /* godofwar.jpeg */; };
		DA64A5F3B9A74EF29DEFF8F2 /* haloinfinite.jpeg in Resources */ = {isa = PBXBuildFile; fileRef = 444D594EC5064D6AA47B8F3C /* haloinfinite.jpeg */; };
		613572439FB5452EB8D244F1 /* game1.jpeg in Resources */ = {isa = PBXBuildFile; fileRef = F98D7EE5FAF248908BA21DEC /* game1.jpeg */; };
		E085E9B8AE1C4E2793D14476 /* game2.jpeg in Resources */ = {isa = PBXBuildFile; fileRef = E07E73EDCB234F8EB8B8D416 /* game2.jpeg */; };
		BE7969DD1ADD4A3A84C0653B /* game3.png in Resources */ = {isa = PBXBuildFile; fileRef = 36F0D47D8C894224B534AE1F /* game3.png */; };
		714A4E5113304E20812A1E73 /* menubg.jpeg in Resources */ = {isa = PBXBuildFile; fileRef = 26CC7530FD404F6592544765 /* menubg.jpeg */; };
		E2601A47B3404D1B8A13B15F /* milesmorales.webp in Resources */ = {isa = PBXBuildFile; fileRef = 9824A74AF28D48378DE1DC75 /* milesmorales.webp */; };
		6FCD5BB5B2A4416BAA0500A2 /* pokemonunite.jpeg in Resources */ = {isa = PBXBuildFile; fileRef = 6B30D4BC2B9A44AB90FB885D /* pokemonunite.jpeg */; };
		50F7743FB04A480D8F29E719 /* userprofile.jpg in Resources */ = {isa = PBXBuildFile; fileRef = E82695E7129A405298851687 /* userprofile.jpg */; };
/* End PBXBuildFile section */

/* Begin PBXContainerItemProxy section */
		00E356F41AD99517003FC87E /* PBXContainerItemProxy */ = {
			isa = PBXContainerItemProxy;
			containerPortal = 83CBB9F71A601CBA00E9B192 /* Project object */;
			proxyType = 1;
			remoteGlobalIDString = 13B07F861A680F5B00A75B9A;
			remoteInfo = Rn_Navigation;
		};
/* End PBXContainerItemProxy section */

/* Begin PBXFileReference section */
		00E356EE1AD99517003FC87E /* Rn_NavigationTests.xctest */ = {isa = PBXFileReference; explicitFileType = wrapper.cfbundle; includeInIndex = 0; path = Rn_NavigationTests.xctest; sourceTree = BUILT_PRODUCTS_DIR; };
		00E356F11AD99517003FC87E /* Info.plist */ = {isa = PBXFileReference; lastKnownFileType = text.plist.xml; path = Info.plist; sourceTree = "<group>"; };
		00E356F21AD99517003FC87E /* Rn_NavigationTests.m */ = {isa = PBXFileReference; lastKnownFileType = sourcecode.c.objc; path = Rn_NavigationTests.m; sourceTree = "<group>"; };
		13B07F961A680F5B00A75B9A /* Rn_Navigation.app */ = {isa = PBXFileReference; explicitFileType = wrapper.application; includeInIndex = 0; path = Rn_Navigation.app; sourceTree = BUILT_PRODUCTS_DIR; };
		13B07FAF1A68108700A75B9A /* AppDelegate.h */ = {isa = PBXFileReference; fileEncoding = 4; lastKnownFileType = sourcecode.c.h; name = AppDelegate.h; path = Rn_Navigation/AppDelegate.h; sourceTree = "<group>"; };
		13B07FB01A68108700A75B9A /* AppDelegate.mm */ = {isa = PBXFileReference; fileEncoding = 4; lastKnownFileType = sourcecode.cpp.objcpp; name = AppDelegate.mm; path = Rn_Navigation/AppDelegate.mm; sourceTree = "<group>"; };
		13B07FB51A68108700A75B9A /* Images.xcassets */ = {isa = PBXFileReference; lastKnownFileType = folder.assetcatalog; name = Images.xcassets; path = Rn_Navigation/Images.xcassets; sourceTree = "<group>"; };
		13B07FB61A68108700A75B9A /* Info.plist */ = {isa = PBXFileReference; fileEncoding = 4; lastKnownFileType = text.plist.xml; name = Info.plist; path = Rn_Navigation/Info.plist; sourceTree = "<group>"; };
		13B07FB71A68108700A75B9A /* main.m */ = {isa = PBXFileReference; fileEncoding = 4; lastKnownFileType = sourcecode.c.objc; name = main.m; path = Rn_Navigation/main.m; sourceTree = "<group>"; };
		19F6CBCC0A4E27FBF8BF4A61 /* libPods-Rn_Navigation-Rn_NavigationTests.a */ = {isa = PBXFileReference; explicitFileType = archive.ar; includeInIndex = 0; path = "libPods-Rn_Navigation-Rn_NavigationTests.a"; sourceTree = BUILT_PRODUCTS_DIR; };
		3B4392A12AC88292D35C810B /* Pods-Rn_Navigation.debug.xcconfig */ = {isa = PBXFileReference; includeInIndex = 1; lastKnownFileType = text.xcconfig; name = "Pods-Rn_Navigation.debug.xcconfig"; path = "Target Support Files/Pods-Rn_Navigation/Pods-Rn_Navigation.debug.xcconfig"; sourceTree = "<group>"; };
		5709B34CF0A7D63546082F79 /* Pods-Rn_Navigation.release.xcconfig */ = {isa = PBXFileReference; includeInIndex = 1; lastKnownFileType = text.xcconfig; name = "Pods-Rn_Navigation.release.xcconfig"; path = "Target Support Files/Pods-Rn_Navigation/Pods-Rn_Navigation.release.xcconfig"; sourceTree = "<group>"; };
		5B7EB9410499542E8C5724F5 /* Pods-Rn_Navigation-Rn_NavigationTests.debug.xcconfig */ = {isa = PBXFileReference; includeInIndex = 1; lastKnownFileType = text.xcconfig; name = "Pods-Rn_Navigation-Rn_NavigationTests.debug.xcconfig"; path = "Target Support Files/Pods-Rn_Navigation-Rn_NavigationTests/Pods-Rn_Navigation-Rn_NavigationTests.debug.xcconfig"; sourceTree = "<group>"; };
		5DCACB8F33CDC322A6C60F78 /* libPods-Rn_Navigation.a */ = {isa = PBXFileReference; explicitFileType = archive.ar; includeInIndex = 0; path = "libPods-Rn_Navigation.a"; sourceTree = BUILT_PRODUCTS_DIR; };
		81AB9BB72411601600AC10FF /* LaunchScreen.storyboard */ = {isa = PBXFileReference; fileEncoding = 4; lastKnownFileType = file.storyboard; name = LaunchScreen.storyboard; path = Rn_Navigation/LaunchScreen.storyboard; sourceTree = "<group>"; };
		89C6BE57DB24E9ADA2F236DE /* Pods-Rn_Navigation-Rn_NavigationTests.release.xcconfig */ = {isa = PBXFileReference; includeInIndex = 1; lastKnownFileType = text.xcconfig; name = "Pods-Rn_Navigation-Rn_NavigationTests.release.xcconfig"; path = "Target Support Files/Pods-Rn_Navigation-Rn_NavigationTests/Pods-Rn_Navigation-Rn_NavigationTests.release.xcconfig"; sourceTree = "<group>"; };
		ED297162215061F000B7C4FE /* JavaScriptCore.framework */ = {isa = PBXFileReference; lastKnownFileType = wrapper.framework; name = JavaScriptCore.framework; path = System/Library/Frameworks/JavaScriptCore.framework; sourceTree = SDKROOT; };
		E6C1734CA4EC4EE68AE8D4C6 /* Inter-Bold.ttf */ = {isa = PBXFileReference; name = "Inter-Bold.ttf"; path = "../src/assets/fonts/Inter-Bold.ttf"; sourceTree = "<group>"; fileEncoding = undefined; lastKnownFileType = unknown; explicitFileType = undefined; includeInIndex = 0; };
		02F7E622645A4E8A912864E3 /* Roboto-Bold.ttf */ = {isa = PBXFileReference; name = "Roboto-Bold.ttf"; path = "../src/assets/fonts/Roboto-Bold.ttf"; sourceTree = "<group>"; fileEncoding = undefined; lastKnownFileType = unknown; explicitFileType = undefined; includeInIndex = 0; };
		C5F74EA5500E4539870C02C2 /* Roboto-BoldItalic.ttf */ = {isa = PBXFileReference; name = "Roboto-BoldItalic.ttf"; path = "../src/assets/fonts/Roboto-BoldItalic.ttf"; sourceTree = "<group>"; fileEncoding = undefined; lastKnownFileType = unknown; explicitFileType = undefined; includeInIndex = 0; };
		C9EBA2EE760B40909DFFF804 /* Roboto-Italic.ttf */ = {isa = PBXFileReference; name = "Roboto-Italic.ttf"; path = "../src/assets/fonts/Roboto-Italic.ttf"; sourceTree = "<group>"; fileEncoding = undefined; lastKnownFileType = unknown; explicitFileType = undefined; includeInIndex = 0; };
		D52FBEDA368A4E4A9B858E0F /* Roboto-Medium.ttf */ = {isa = PBXFileReference; name = "Roboto-Medium.ttf"; path = "../src/assets/fonts/Roboto-Medium.ttf"; sourceTree = "<group>"; fileEncoding = undefined; lastKnownFileType = unknown; explicitFileType = undefined; includeInIndex = 0; };
		DD134184FDB54C498E69A1DB /* Roboto-MediumItalic.ttf */ = {isa = PBXFileReference; name = "Roboto-MediumItalic.ttf"; path = "../src/assets/fonts/Roboto-MediumItalic.ttf"; sourceTree = "<group>"; fileEncoding = undefined; lastKnownFileType = unknown; explicitFileType = undefined; includeInIndex = 0; };
		0486E1A8461543C1A97FD0C4 /* Roboto-Regular.ttf */ = {isa = PBXFileReference; name = "Roboto-Regular.ttf"; path = "../src/assets/fonts/Roboto-Regular.ttf"; sourceTree = "<group>"; fileEncoding = undefined; lastKnownFileType = unknown; explicitFileType = undefined; includeInIndex = 0; };
		6C9C427922A8470D9D0709EF /* fortnite.webp */ = {isa = PBXFileReference; name = "fortnite.webp"; path = "../src/assets/images/fortnite.webp"; sourceTree = "<group>"; fileEncoding = undefined; lastKnownFileType = unknown; explicitFileType = undefined; includeInIndex = 0; };
		0AC595D8173B4D9E9C238F24 /* facebook.svg */ = {isa = PBXFileReference; name = "facebook.svg"; path = "../src/assets/images/misc/facebook.svg"; sourceTree = "<group>"; fileEncoding = undefined; lastKnownFileType = unknown; explicitFileType = undefined; includeInIndex = 0; };
		F64EC87E03DE4FCD9279F7E3 /* gaming.svg */ = {isa = PBXFileReference; name = "gaming.svg"; path = "../src/assets/images/misc/gaming.svg"; sourceTree = "<group>"; fileEncoding = undefined; lastKnownFileType = unknown; explicitFileType = undefined; includeInIndex = 0; };
		651B32993B95425CA221BE44 /* google.svg */ = {isa = PBXFileReference; name = "google.svg"; path = "../src/assets/images/misc/google.svg"; sourceTree = "<group>"; fileEncoding = undefined; lastKnownFileType = unknown; explicitFileType = undefined; includeInIndex = 0; };
		40013D97C32548B9BFC42B40 /* login.svg */ = {isa = PBXFileReference; name = "login.svg"; path = "../src/assets/images/misc/login.svg"; sourceTree = "<group>"; fileEncoding = undefined; lastKnownFileType = unknown; explicitFileType = undefined; includeInIndex = 0; };
		C52A40B969BE42CE8D4691AC /* registration.svg */ = {isa = PBXFileReference; name = "registration.svg"; path = "../src/assets/images/misc/registration.svg"; sourceTree = "<group>"; fileEncoding = undefined; lastKnownFileType = unknown; explicitFileType = undefined; includeInIndex = 0; };
		6461ACD966164B8AAB54E1F8 /* twitter.svg */ = {isa = PBXFileReference; name = "twitter.svg"; path = "../src/assets/images/misc/twitter.svg"; sourceTree = "<group>"; fileEncoding = undefined; lastKnownFileType = unknown; explicitFileType = undefined; includeInIndex = 0; };
		BB9E0D844677495C88D559A0 /* spiderman.webp */ = {isa = PBXFileReference; name = "spiderman.webp"; path = "../src/assets/images/spiderman.webp"; sourceTree = "<group>"; fileEncoding = undefined; lastKnownFileType = unknown; explicitFileType = undefined; includeInIndex = 0; };
		3CBEECCC8FE9483C8690230D /* farcry6.png */ = {isa = PBXFileReference; name = "farcry6.png"; path = "../src/assets/images/farcry6.png"; sourceTree = "<group>"; fileEncoding = undefined; lastKnownFileType = unknown; explicitFileType = undefined; includeInIndex = 0; };
		D8372E984074458C8870CEAE /* altosodyssey.jpeg */ = {isa = PBXFileReference; name = "altosodyssey.jpeg"; path = "../src/assets/images/altosodyssey.jpeg"; sourceTree = "<group>"; fileEncoding = undefined; lastKnownFileType = unknown; explicitFileType = undefined; includeInIndex = 0; };
		66441AE3EAE44958BD064B2C /* asphalt9.jpeg */ = {isa = PBXFileReference; name = "asphalt9.jpeg"; path = "../src/assets/images/asphalt9.jpeg"; sourceTree = "<group>"; fileEncoding = undefined; lastKnownFileType = unknown; explicitFileType = undefined; includeInIndex = 0; };
		4898CF1CC1DD4CFDAD0E4E5F /* battlefield2042.webp */ = {isa = PBXFileReference; name = "battlefield2042.webp"; path = "../src/assets/images/battlefield2042.webp"; sourceTree = "<group>"; fileEncoding = undefined; lastKnownFileType = unknown; explicitFileType = undefined; includeInIndex = 0; };
		DF9D20CF4886499EAF54758B /* diablo4.jpeg */ = {isa = PBXFileReference; name = "diablo4.jpeg"; path = "../src/assets/images/diablo4.jpeg"; sourceTree = "<group>"; fileEncoding = undefined; lastKnownFileType = unknown; explicitFileType = undefined; includeInIndex = 0; };
		9ED3417493C04A92BA9BB719 /* genshinimpact.jpeg */ = {isa = PBXFileReference; name = "genshinimpact.jpeg"; path = "../src/assets/images/genshinimpact.jpeg"; sourceTree = "<group>"; fileEncoding = undefined; lastKnownFileType = unknown; explicitFileType = undefined; includeInIndex = 0; };
		55A4C0CBFCBA4EA2B3E21CD1 /* godofwar.jpeg */ = {isa = PBXFileReference; name = "godofwar.jpeg"; path = "../src/assets/images/godofwar.jpeg"; sourceTree = "<group>"; fileEncoding = undefined; lastKnownFileType = unknown; explicitFileType = undefined; includeInIndex = 0; };
		444D594EC5064D6AA47B8F3C /* haloinfinite.jpeg */ = {isa = PBXFileReference; name = "haloinfinite.jpeg"; path = "../src/assets/images/haloinfinite.jpeg"; sourceTree = "<group>"; fileEncoding = undefined; lastKnownFileType = unknown; explicitFileType = undefined; includeInIndex = 0; };
		F98D7EE5FAF248908BA21DEC /* game1.jpeg */ = {isa = PBXFileReference; name = "game1.jpeg"; path = "../src/assets/images/homescreen/game1.jpeg"; sourceTree = "<group>"; fileEncoding = undefined; lastKnownFileType = unknown; explicitFileType = undefined; includeInIndex = 0; };
		E07E73EDCB234F8EB8B8D416 /* game2.jpeg */ = {isa = PBXFileReference; name = "game2.jpeg"; path = "../src/assets/images/homescreen/game2.jpeg"; sourceTree = "<group>"; fileEncoding = undefined; lastKnownFileType = unknown; explicitFileType = undefined; includeInIndex = 0; };
		36F0D47D8C894224B534AE1F /* game3.png */ = {isa = PBXFileReference; name = "game3.png"; path = "../src/assets/images/homescreen/game3.png"; sourceTree = "<group>"; fileEncoding = undefined; lastKnownFileType = unknown; explicitFileType = undefined; includeInIndex = 0; };
		26CC7530FD404F6592544765 /* menubg.jpeg */ = {isa = PBXFileReference; name = "menubg.jpeg"; path = "../src/assets/images/menubg.jpeg"; sourceTree = "<group>"; fileEncoding = undefined; lastKnownFileType = unknown; explicitFileType = undefined; includeInIndex = 0; };
		9824A74AF28D48378DE1DC75 /* milesmorales.webp */ = {isa = PBXFileReference; name = "milesmorales.webp"; path = "../src/assets/images/milesmorales.webp"; sourceTree = "<group>"; fileEncoding = undefined; lastKnownFileType = unknown; explicitFileType = undefined; includeInIndex = 0; };
		6B30D4BC2B9A44AB90FB885D /* pokemonunite.jpeg */ = {isa = PBXFileReference; name = "pokemonunite.jpeg"; path = "../src/assets/images/pokemonunite.jpeg"; sourceTree = "<group>"; fileEncoding = undefined; lastKnownFileType = unknown; explicitFileType = undefined; includeInIndex = 0; };
		E82695E7129A405298851687 /* userprofile.jpg */ = {isa = PBXFileReference; name = "userprofile.jpg"; path = "../src/assets/images/userprofile.jpg"; sourceTree = "<group>"; fileEncoding = undefined; lastKnownFileType = unknown; explicitFileType = undefined; includeInIndex = 0; };
/* End PBXFileReference section */

/* Begin PBXFrameworksBuildPhase section */
		00E356EB1AD99517003FC87E /* Frameworks */ = {
			isa = PBXFrameworksBuildPhase;
			buildActionMask = 2147483647;
			files = (
				7699B88040F8A987B510C191 /* libPods-Rn_Navigation-Rn_NavigationTests.a in Frameworks */,
			);
			runOnlyForDeploymentPostprocessing = 0;
		};
		13B07F8C1A680F5B00A75B9A /* Frameworks */ = {
			isa = PBXFrameworksBuildPhase;
			buildActionMask = 2147483647;
			files = (
				0C80B921A6F3F58F76C31292 /* libPods-Rn_Navigation.a in Frameworks */,
			);
			runOnlyForDeploymentPostprocessing = 0;
		};
/* End PBXFrameworksBuildPhase section */

/* Begin PBXGroup section */
		00E356EF1AD99517003FC87E /* Rn_NavigationTests */ = {
			isa = PBXGroup;
			children = (
				00E356F21AD99517003FC87E /* Rn_NavigationTests.m */,
				00E356F01AD99517003FC87E /* Supporting Files */,
			);
			path = Rn_NavigationTests;
			sourceTree = "<group>";
		};
		00E356F01AD99517003FC87E /* Supporting Files */ = {
			isa = PBXGroup;
			children = (
				00E356F11AD99517003FC87E /* Info.plist */,
			);
			name = "Supporting Files";
			sourceTree = "<group>";
		};
		13B07FAE1A68108700A75B9A /* Rn_Navigation */ = {
			isa = PBXGroup;
			children = (
				13B07FAF1A68108700A75B9A /* AppDelegate.h */,
				13B07FB01A68108700A75B9A /* AppDelegate.mm */,
				13B07FB51A68108700A75B9A /* Images.xcassets */,
				13B07FB61A68108700A75B9A /* Info.plist */,
				81AB9BB72411601600AC10FF /* LaunchScreen.storyboard */,
				13B07FB71A68108700A75B9A /* main.m */,
			);
			name = Rn_Navigation;
			sourceTree = "<group>";
		};
		2D16E6871FA4F8E400B85C8A /* Frameworks */ = {
			isa = PBXGroup;
			children = (
				ED297162215061F000B7C4FE /* JavaScriptCore.framework */,
				5DCACB8F33CDC322A6C60F78 /* libPods-Rn_Navigation.a */,
				19F6CBCC0A4E27FBF8BF4A61 /* libPods-Rn_Navigation-Rn_NavigationTests.a */,
			);
			name = Frameworks;
			sourceTree = "<group>";
		};
		832341AE1AAA6A7D00B99B32 /* Libraries */ = {
			isa = PBXGroup;
			children = (
			);
			name = Libraries;
			sourceTree = "<group>";
		};
		83CBB9F61A601CBA00E9B192 = {
			isa = PBXGroup;
			children = (
				13B07FAE1A68108700A75B9A /* Rn_Navigation */,
				832341AE1AAA6A7D00B99B32 /* Libraries */,
				00E356EF1AD99517003FC87E /* Rn_NavigationTests */,
				83CBBA001A601CBA00E9B192 /* Products */,
				2D16E6871FA4F8E400B85C8A /* Frameworks */,
				BBD78D7AC51CEA395F1C20DB /* Pods */,
				58CB722FA70D4B91A9912A10 /* Resources */,
			);
			indentWidth = 2;
			sourceTree = "<group>";
			tabWidth = 2;
			usesTabs = 0;
		};
		83CBBA001A601CBA00E9B192 /* Products */ = {
			isa = PBXGroup;
			children = (
				13B07F961A680F5B00A75B9A /* Rn_Navigation.app */,
				00E356EE1AD99517003FC87E /* Rn_NavigationTests.xctest */,
			);
			name = Products;
			sourceTree = "<group>";
		};
		BBD78D7AC51CEA395F1C20DB /* Pods */ = {
			isa = PBXGroup;
			children = (
				3B4392A12AC88292D35C810B /* Pods-Rn_Navigation.debug.xcconfig */,
				5709B34CF0A7D63546082F79 /* Pods-Rn_Navigation.release.xcconfig */,
				5B7EB9410499542E8C5724F5 /* Pods-Rn_Navigation-Rn_NavigationTests.debug.xcconfig */,
				89C6BE57DB24E9ADA2F236DE /* Pods-Rn_Navigation-Rn_NavigationTests.release.xcconfig */,
			);
			path = Pods;
			sourceTree = "<group>";
		};
		58CB722FA70D4B91A9912A10 /* Resources */ = {
			isa = "PBXGroup";
			children = (
				E6C1734CA4EC4EE68AE8D4C6 /* Inter-Bold.ttf */,
				02F7E622645A4E8A912864E3 /* Roboto-Bold.ttf */,
				C5F74EA5500E4539870C02C2 /* Roboto-BoldItalic.ttf */,
				C9EBA2EE760B40909DFFF804 /* Roboto-Italic.ttf */,
				D52FBEDA368A4E4A9B858E0F /* Roboto-Medium.ttf */,
				DD134184FDB54C498E69A1DB /* Roboto-MediumItalic.ttf */,
				0486E1A8461543C1A97FD0C4 /* Roboto-Regular.ttf */,
				6C9C427922A8470D9D0709EF /* fortnite.webp */,
				0AC595D8173B4D9E9C238F24 /* facebook.svg */,
				F64EC87E03DE4FCD9279F7E3 /* gaming.svg */,
				651B32993B95425CA221BE44 /* google.svg */,
				40013D97C32548B9BFC42B40 /* login.svg */,
				C52A40B969BE42CE8D4691AC /* registration.svg */,
				6461ACD966164B8AAB54E1F8 /* twitter.svg */,
				BB9E0D844677495C88D559A0 /* spiderman.webp */,
				3CBEECCC8FE9483C8690230D /* farcry6.png */,
				D8372E984074458C8870CEAE /* altosodyssey.jpeg */,
				66441AE3EAE44958BD064B2C /* asphalt9.jpeg */,
				4898CF1CC1DD4CFDAD0E4E5F /* battlefield2042.webp */,
				DF9D20CF4886499EAF54758B /* diablo4.jpeg */,
				9ED3417493C04A92BA9BB719 /* genshinimpact.jpeg */,
				55A4C0CBFCBA4EA2B3E21CD1 /* godofwar.jpeg */,
				444D594EC5064D6AA47B8F3C /* haloinfinite.jpeg */,
				F98D7EE5FAF248908BA21DEC /* game1.jpeg */,
				E07E73EDCB234F8EB8B8D416 /* game2.jpeg */,
				36F0D47D8C894224B534AE1F /* game3.png */,
				26CC7530FD404F6592544765 /* menubg.jpeg */,
				9824A74AF28D48378DE1DC75 /* milesmorales.webp */,
				6B30D4BC2B9A44AB90FB885D /* pokemonunite.jpeg */,
				E82695E7129A405298851687 /* userprofile.jpg */,
			);
			name = Resources;
			sourceTree = "<group>";
			path = "";
		};
/* End PBXGroup section */

/* Begin PBXNativeTarget section */
		00E356ED1AD99517003FC87E /* Rn_NavigationTests */ = {
			isa = PBXNativeTarget;
			buildConfigurationList = 00E357021AD99517003FC87E /* Build configuration list for PBXNativeTarget "Rn_NavigationTests" */;
			buildPhases = (
				A55EABD7B0C7F3A422A6CC61 /* [CP] Check Pods Manifest.lock */,
				00E356EA1AD99517003FC87E /* Sources */,
				00E356EB1AD99517003FC87E /* Frameworks */,
				00E356EC1AD99517003FC87E /* Resources */,
				C59DA0FBD6956966B86A3779 /* [CP] Embed Pods Frameworks */,
				F6A41C54EA430FDDC6A6ED99 /* [CP] Copy Pods Resources */,
			);
			buildRules = (
			);
			dependencies = (
				00E356F51AD99517003FC87E /* PBXTargetDependency */,
			);
			name = Rn_NavigationTests;
			productName = Rn_NavigationTests;
			productReference = 00E356EE1AD99517003FC87E /* Rn_NavigationTests.xctest */;
			productType = "com.apple.product-type.bundle.unit-test";
		};
		13B07F861A680F5B00A75B9A /* Rn_Navigation */ = {
			isa = PBXNativeTarget;
			buildConfigurationList = 13B07F931A680F5B00A75B9A /* Build configuration list for PBXNativeTarget "Rn_Navigation" */;
			buildPhases = (
				C38B50BA6285516D6DCD4F65 /* [CP] Check Pods Manifest.lock */,
				13B07F871A680F5B00A75B9A /* Sources */,
				13B07F8C1A680F5B00A75B9A /* Frameworks */,
				13B07F8E1A680F5B00A75B9A /* Resources */,
				00DD1BFF1BD5951E006B06BC /* Bundle React Native code and images */,
				00EEFC60759A1932668264C0 /* [CP] Embed Pods Frameworks */,
				E235C05ADACE081382539298 /* [CP] Copy Pods Resources */,
			);
			buildRules = (
			);
			dependencies = (
			);
			name = Rn_Navigation;
			productName = Rn_Navigation;
			productReference = 13B07F961A680F5B00A75B9A /* Rn_Navigation.app */;
			productType = "com.apple.product-type.application";
		};
/* End PBXNativeTarget section */

/* Begin PBXProject section */
		83CBB9F71A601CBA00E9B192 /* Project object */ = {
			isa = PBXProject;
			attributes = {
				LastUpgradeCheck = 1210;
				TargetAttributes = {
					00E356ED1AD99517003FC87E = {
						CreatedOnToolsVersion = 6.2;
						TestTargetID = 13B07F861A680F5B00A75B9A;
					};
					13B07F861A680F5B00A75B9A = {
						LastSwiftMigration = 1120;
					};
				};
			};
			buildConfigurationList = 83CBB9FA1A601CBA00E9B192 /* Build configuration list for PBXProject "Rn_Navigation" */;
			compatibilityVersion = "Xcode 12.0";
			developmentRegion = en;
			hasScannedForEncodings = 0;
			knownRegions = (
				en,
				Base,
			);
			mainGroup = 83CBB9F61A601CBA00E9B192;
			productRefGroup = 83CBBA001A601CBA00E9B192 /* Products */;
			projectDirPath = "";
			projectRoot = "";
			targets = (
				13B07F861A680F5B00A75B9A /* Rn_Navigation */,
				00E356ED1AD99517003FC87E /* Rn_NavigationTests */,
			);
		};
/* End PBXProject section */

/* Begin PBXResourcesBuildPhase section */
		00E356EC1AD99517003FC87E /* Resources */ = {
			isa = PBXResourcesBuildPhase;
			buildActionMask = 2147483647;
			files = (
			);
			runOnlyForDeploymentPostprocessing = 0;
		};
		13B07F8E1A680F5B00A75B9A /* Resources */ = {
			isa = PBXResourcesBuildPhase;
			buildActionMask = 2147483647;
			files = (
				81AB9BB82411601600AC10FF /* LaunchScreen.storyboard in Resources */,
				13B07FBF1A68108700A75B9A /* Images.xcassets in Resources */,
				F79842DB64284238B8045D89 /* Inter-Bold.ttf in Resources */,
				2A65EECF970C4663B004730F /* Roboto-Bold.ttf in Resources */,
				EAD78CA4B6A248C3BE405DA9 /* Roboto-BoldItalic.ttf in Resources */,
				E0F69CEE027C445E931E06E7 /* Roboto-Italic.ttf in Resources */,
				C73DAD02BCF5426987E471DA /* Roboto-Medium.ttf in Resources */,
				EDEB152057884A6CB9340393 /* Roboto-MediumItalic.ttf in Resources */,
				E20F9E9D41AE4314ABCE3B39 /* Roboto-Regular.ttf in Resources */,
				3D88635350A943FE9B28AA3C /* fortnite.webp in Resources */,
				131237BD41CD42F7B9EBDA87 /* facebook.svg in Resources */,
				5D3D2CC64644448EAC734289 /* gaming.svg in Resources */,
				9A791FBBE1E34284BAA627A9 /* google.svg in Resources */,
				AF241C889C65419EB6E2D1BB /* login.svg in Resources */,
				68C9B87F897F4588B56A1621 /* registration.svg in Resources */,
				B1417D1B436243C8A59B6429 /* twitter.svg in Resources */,
				6A96336F612E48BAAD3CBC4D /* spiderman.webp in Resources */,
				B1D22DDCDC3243DB8586DF8B /* farcry6.png in Resources */,
				B376EAA932804731B9607313 /* altosodyssey.jpeg in Resources */,
				A4DE95AD010D4E868ED3512F /* asphalt9.jpeg in Resources */,
				12D9BD02E64144258442C533 /* battlefield2042.webp in Resources */,
				19B16727D03443F7B387A831 /* diablo4.jpeg in Resources */,
				B3D8A4FA0EED4FF6BA525D5D /* genshinimpact.jpeg in Resources */,
				DC5F22CD3461413CBC7FC0A8 /* godofwar.jpeg in Resources */,
				DA64A5F3B9A74EF29DEFF8F2 /* haloinfinite.jpeg in Resources */,
				613572439FB5452EB8D244F1 /* game1.jpeg in Resources */,
				E085E9B8AE1C4E2793D14476 /* game2.jpeg in Resources */,
				BE7969DD1ADD4A3A84C0653B /* game3.png in Resources */,
				714A4E5113304E20812A1E73 /* menubg.jpeg in Resources */,
				E2601A47B3404D1B8A13B15F /* milesmorales.webp in Resources */,
				6FCD5BB5B2A4416BAA0500A2 /* pokemonunite.jpeg in Resources */,
				50F7743FB04A480D8F29E719 /* userprofile.jpg in Resources */,
			);
			runOnlyForDeploymentPostprocessing = 0;
		};
/* End PBXResourcesBuildPhase section */

/* Begin PBXShellScriptBuildPhase section */
		00DD1BFF1BD5951E006B06BC /* Bundle React Native code and images */ = {
			isa = PBXShellScriptBuildPhase;
			buildActionMask = 2147483647;
			files = (
			);
			inputPaths = (
				"$(SRCROOT)/.xcode.env.local",
				"$(SRCROOT)/.xcode.env",
			);
			name = "Bundle React Native code and images";
			outputPaths = (
			);
			runOnlyForDeploymentPostprocessing = 0;
			shellPath = /bin/sh;
			shellScript = "set -e\n\nWITH_ENVIRONMENT=\"../node_modules/react-native/scripts/xcode/with-environment.sh\"\nREACT_NATIVE_XCODE=\"../node_modules/react-native/scripts/react-native-xcode.sh\"\n\n/bin/sh -c \"$WITH_ENVIRONMENT $REACT_NATIVE_XCODE\"\n";
		};
		00EEFC60759A1932668264C0 /* [CP] Embed Pods Frameworks */ = {
			isa = PBXShellScriptBuildPhase;
			buildActionMask = 2147483647;
			files = (
			);
			inputFileListPaths = (
				"${PODS_ROOT}/Target Support Files/Pods-Rn_Navigation/Pods-Rn_Navigation-frameworks-${CONFIGURATION}-input-files.xcfilelist",
			);
			name = "[CP] Embed Pods Frameworks";
			outputFileListPaths = (
				"${PODS_ROOT}/Target Support Files/Pods-Rn_Navigation/Pods-Rn_Navigation-frameworks-${CONFIGURATION}-output-files.xcfilelist",
			);
			runOnlyForDeploymentPostprocessing = 0;
			shellPath = /bin/sh;
			shellScript = "\"${PODS_ROOT}/Target Support Files/Pods-Rn_Navigation/Pods-Rn_Navigation-frameworks.sh\"\n";
			showEnvVarsInLog = 0;
		};
		A55EABD7B0C7F3A422A6CC61 /* [CP] Check Pods Manifest.lock */ = {
			isa = PBXShellScriptBuildPhase;
			buildActionMask = 2147483647;
			files = (
			);
			inputFileListPaths = (
			);
			inputPaths = (
				"${PODS_PODFILE_DIR_PATH}/Podfile.lock",
				"${PODS_ROOT}/Manifest.lock",
			);
			name = "[CP] Check Pods Manifest.lock";
			outputFileListPaths = (
			);
			outputPaths = (
				"$(DERIVED_FILE_DIR)/Pods-Rn_Navigation-Rn_NavigationTests-checkManifestLockResult.txt",
			);
			runOnlyForDeploymentPostprocessing = 0;
			shellPath = /bin/sh;
			shellScript = "diff \"${PODS_PODFILE_DIR_PATH}/Podfile.lock\" \"${PODS_ROOT}/Manifest.lock\" > /dev/null\nif [ $? != 0 ] ; then\n    # print error to STDERR\n    echo \"error: The sandbox is not in sync with the Podfile.lock. Run 'pod install' or update your CocoaPods installation.\" >&2\n    exit 1\nfi\n# This output is used by Xcode 'outputs' to avoid re-running this script phase.\necho \"SUCCESS\" > \"${SCRIPT_OUTPUT_FILE_0}\"\n";
			showEnvVarsInLog = 0;
		};
		C38B50BA6285516D6DCD4F65 /* [CP] Check Pods Manifest.lock */ = {
			isa = PBXShellScriptBuildPhase;
			buildActionMask = 2147483647;
			files = (
			);
			inputFileListPaths = (
			);
			inputPaths = (
				"${PODS_PODFILE_DIR_PATH}/Podfile.lock",
				"${PODS_ROOT}/Manifest.lock",
			);
			name = "[CP] Check Pods Manifest.lock";
			outputFileListPaths = (
			);
			outputPaths = (
				"$(DERIVED_FILE_DIR)/Pods-Rn_Navigation-checkManifestLockResult.txt",
			);
			runOnlyForDeploymentPostprocessing = 0;
			shellPath = /bin/sh;
			shellScript = "diff \"${PODS_PODFILE_DIR_PATH}/Podfile.lock\" \"${PODS_ROOT}/Manifest.lock\" > /dev/null\nif [ $? != 0 ] ; then\n    # print error to STDERR\n    echo \"error: The sandbox is not in sync with the Podfile.lock. Run 'pod install' or update your CocoaPods installation.\" >&2\n    exit 1\nfi\n# This output is used by Xcode 'outputs' to avoid re-running this script phase.\necho \"SUCCESS\" > \"${SCRIPT_OUTPUT_FILE_0}\"\n";
			showEnvVarsInLog = 0;
		};
		C59DA0FBD6956966B86A3779 /* [CP] Embed Pods Frameworks */ = {
			isa = PBXShellScriptBuildPhase;
			buildActionMask = 2147483647;
			files = (
			);
			inputFileListPaths = (
				"${PODS_ROOT}/Target Support Files/Pods-Rn_Navigation-Rn_NavigationTests/Pods-Rn_Navigation-Rn_NavigationTests-frameworks-${CONFIGURATION}-input-files.xcfilelist",
			);
			name = "[CP] Embed Pods Frameworks";
			outputFileListPaths = (
				"${PODS_ROOT}/Target Support Files/Pods-Rn_Navigation-Rn_NavigationTests/Pods-Rn_Navigation-Rn_NavigationTests-frameworks-${CONFIGURATION}-output-files.xcfilelist",
			);
			runOnlyForDeploymentPostprocessing = 0;
			shellPath = /bin/sh;
			shellScript = "\"${PODS_ROOT}/Target Support Files/Pods-Rn_Navigation-Rn_NavigationTests/Pods-Rn_Navigation-Rn_NavigationTests-frameworks.sh\"\n";
			showEnvVarsInLog = 0;
		};
		E235C05ADACE081382539298 /* [CP] Copy Pods Resources */ = {
			isa = PBXShellScriptBuildPhase;
			buildActionMask = 2147483647;
			files = (
			);
			inputFileListPaths = (
				"${PODS_ROOT}/Target Support Files/Pods-Rn_Navigation/Pods-Rn_Navigation-resources-${CONFIGURATION}-input-files.xcfilelist",
			);
			name = "[CP] Copy Pods Resources";
			outputFileListPaths = (
				"${PODS_ROOT}/Target Support Files/Pods-Rn_Navigation/Pods-Rn_Navigation-resources-${CONFIGURATION}-output-files.xcfilelist",
			);
			runOnlyForDeploymentPostprocessing = 0;
			shellPath = /bin/sh;
			shellScript = "\"${PODS_ROOT}/Target Support Files/Pods-Rn_Navigation/Pods-Rn_Navigation-resources.sh\"\n";
			showEnvVarsInLog = 0;
		};
		F6A41C54EA430FDDC6A6ED99 /* [CP] Copy Pods Resources */ = {
			isa = PBXShellScriptBuildPhase;
			buildActionMask = 2147483647;
			files = (
			);
			inputFileListPaths = (
				"${PODS_ROOT}/Target Support Files/Pods-Rn_Navigation-Rn_NavigationTests/Pods-Rn_Navigation-Rn_NavigationTests-resources-${CONFIGURATION}-input-files.xcfilelist",
			);
			name = "[CP] Copy Pods Resources";
			outputFileListPaths = (
				"${PODS_ROOT}/Target Support Files/Pods-Rn_Navigation-Rn_NavigationTests/Pods-Rn_Navigation-Rn_NavigationTests-resources-${CONFIGURATION}-output-files.xcfilelist",
			);
			runOnlyForDeploymentPostprocessing = 0;
			shellPath = /bin/sh;
			shellScript = "\"${PODS_ROOT}/Target Support Files/Pods-Rn_Navigation-Rn_NavigationTests/Pods-Rn_Navigation-Rn_NavigationTests-resources.sh\"\n";
			showEnvVarsInLog = 0;
		};
/* End PBXShellScriptBuildPhase section */

/* Begin PBXSourcesBuildPhase section */
		00E356EA1AD99517003FC87E /* Sources */ = {
			isa = PBXSourcesBuildPhase;
			buildActionMask = 2147483647;
			files = (
				00E356F31AD99517003FC87E /* Rn_NavigationTests.m in Sources */,
			);
			runOnlyForDeploymentPostprocessing = 0;
		};
		13B07F871A680F5B00A75B9A /* Sources */ = {
			isa = PBXSourcesBuildPhase;
			buildActionMask = 2147483647;
			files = (
				13B07FBC1A68108700A75B9A /* AppDelegate.mm in Sources */,
				13B07FC11A68108700A75B9A /* main.m in Sources */,
			);
			runOnlyForDeploymentPostprocessing = 0;
		};
/* End PBXSourcesBuildPhase section */

/* Begin PBXTargetDependency section */
		00E356F51AD99517003FC87E /* PBXTargetDependency */ = {
			isa = PBXTargetDependency;
			target = 13B07F861A680F5B00A75B9A /* Rn_Navigation */;
			targetProxy = 00E356F41AD99517003FC87E /* PBXContainerItemProxy */;
		};
/* End PBXTargetDependency section */

/* Begin XCBuildConfiguration section */
		00E356F61AD99517003FC87E /* Debug */ = {
			isa = XCBuildConfiguration;
			baseConfigurationReference = 5B7EB9410499542E8C5724F5 /* Pods-Rn_Navigation-Rn_NavigationTests.debug.xcconfig */;
			buildSettings = {
				BUNDLE_LOADER = "$(TEST_HOST)";
				GCC_PREPROCESSOR_DEFINITIONS = (
					"DEBUG=1",
					"$(inherited)",
				);
				INFOPLIST_FILE = Rn_NavigationTests/Info.plist;
				IPHONEOS_DEPLOYMENT_TARGET = 13.4;
				LD_RUNPATH_SEARCH_PATHS = (
					"$(inherited)",
					"@executable_path/Frameworks",
					"@loader_path/Frameworks",
				);
				OTHER_LDFLAGS = (
					"-ObjC",
					"-lc++",
					"$(inherited)",
				);
				PRODUCT_BUNDLE_IDENTIFIER = "org.reactjs.native.example.$(PRODUCT_NAME:rfc1034identifier)";
				PRODUCT_NAME = "$(TARGET_NAME)";
				TEST_HOST = "$(BUILT_PRODUCTS_DIR)/Rn_Navigation.app/Rn_Navigation";
			};
			name = Debug;
		};
		00E356F71AD99517003FC87E /* Release */ = {
			isa = XCBuildConfiguration;
			baseConfigurationReference = 89C6BE57DB24E9ADA2F236DE /* Pods-Rn_Navigation-Rn_NavigationTests.release.xcconfig */;
			buildSettings = {
				BUNDLE_LOADER = "$(TEST_HOST)";
				COPY_PHASE_STRIP = NO;
				INFOPLIST_FILE = Rn_NavigationTests/Info.plist;
				IPHONEOS_DEPLOYMENT_TARGET = 13.4;
				LD_RUNPATH_SEARCH_PATHS = (
					"$(inherited)",
					"@executable_path/Frameworks",
					"@loader_path/Frameworks",
				);
				OTHER_LDFLAGS = (
					"-ObjC",
					"-lc++",
					"$(inherited)",
				);
				PRODUCT_BUNDLE_IDENTIFIER = "org.reactjs.native.example.$(PRODUCT_NAME:rfc1034identifier)";
				PRODUCT_NAME = "$(TARGET_NAME)";
				TEST_HOST = "$(BUILT_PRODUCTS_DIR)/Rn_Navigation.app/Rn_Navigation";
			};
			name = Release;
		};
		13B07F941A680F5B00A75B9A /* Debug */ = {
			isa = XCBuildConfiguration;
			baseConfigurationReference = 3B4392A12AC88292D35C810B /* Pods-Rn_Navigation.debug.xcconfig */;
			buildSettings = {
				ASSETCATALOG_COMPILER_APPICON_NAME = AppIcon;
				CLANG_ENABLE_MODULES = YES;
				CURRENT_PROJECT_VERSION = 1;
				ENABLE_BITCODE = NO;
				INFOPLIST_FILE = Rn_Navigation/Info.plist;
				LD_RUNPATH_SEARCH_PATHS = (
					"$(inherited)",
					"@executable_path/Frameworks",
				);
				MARKETING_VERSION = 1.0;
				OTHER_LDFLAGS = (
					"$(inherited)",
					"-ObjC",
					"-lc++",
				);
				PRODUCT_BUNDLE_IDENTIFIER = "org.reactjs.native.example.$(PRODUCT_NAME:rfc1034identifier)";
				PRODUCT_NAME = Rn_Navigation;
				SWIFT_OPTIMIZATION_LEVEL = "-Onone";
				SWIFT_VERSION = 5.0;
				VERSIONING_SYSTEM = "apple-generic";
			};
			name = Debug;
		};
		13B07F951A680F5B00A75B9A /* Release */ = {
			isa = XCBuildConfiguration;
			baseConfigurationReference = 5709B34CF0A7D63546082F79 /* Pods-Rn_Navigation.release.xcconfig */;
			buildSettings = {
				ASSETCATALOG_COMPILER_APPICON_NAME = AppIcon;
				CLANG_ENABLE_MODULES = YES;
				CURRENT_PROJECT_VERSION = 1;
				INFOPLIST_FILE = Rn_Navigation/Info.plist;
				LD_RUNPATH_SEARCH_PATHS = (
					"$(inherited)",
					"@executable_path/Frameworks",
				);
				MARKETING_VERSION = 1.0;
				OTHER_LDFLAGS = (
					"$(inherited)",
					"-ObjC",
					"-lc++",
				);
				PRODUCT_BUNDLE_IDENTIFIER = "org.reactjs.native.example.$(PRODUCT_NAME:rfc1034identifier)";
				PRODUCT_NAME = Rn_Navigation;
				SWIFT_VERSION = 5.0;
				VERSIONING_SYSTEM = "apple-generic";
			};
			name = Release;
		};
		83CBBA201A601CBA00E9B192 /* Debug */ = {
			isa = XCBuildConfiguration;
			buildSettings = {
				ALWAYS_SEARCH_USER_PATHS = NO;
				CLANG_ANALYZER_LOCALIZABILITY_NONLOCALIZED = YES;
				CLANG_CXX_LANGUAGE_STANDARD = "c++20";
				CLANG_CXX_LIBRARY = "libc++";
				CLANG_ENABLE_MODULES = YES;
				CLANG_ENABLE_OBJC_ARC = YES;
				CLANG_WARN_BLOCK_CAPTURE_AUTORELEASING = YES;
				CLANG_WARN_BOOL_CONVERSION = YES;
				CLANG_WARN_COMMA = YES;
				CLANG_WARN_CONSTANT_CONVERSION = YES;
				CLANG_WARN_DEPRECATED_OBJC_IMPLEMENTATIONS = YES;
				CLANG_WARN_DIRECT_OBJC_ISA_USAGE = YES_ERROR;
				CLANG_WARN_EMPTY_BODY = YES;
				CLANG_WARN_ENUM_CONVERSION = YES;
				CLANG_WARN_INFINITE_RECURSION = YES;
				CLANG_WARN_INT_CONVERSION = YES;
				CLANG_WARN_NON_LITERAL_NULL_CONVERSION = YES;
				CLANG_WARN_OBJC_IMPLICIT_RETAIN_SELF = YES;
				CLANG_WARN_OBJC_LITERAL_CONVERSION = YES;
				CLANG_WARN_OBJC_ROOT_CLASS = YES_ERROR;
				CLANG_WARN_QUOTED_INCLUDE_IN_FRAMEWORK_HEADER = YES;
				CLANG_WARN_RANGE_LOOP_ANALYSIS = YES;
				CLANG_WARN_STRICT_PROTOTYPES = YES;
				CLANG_WARN_SUSPICIOUS_MOVE = YES;
				CLANG_WARN_UNREACHABLE_CODE = YES;
				CLANG_WARN__DUPLICATE_METHOD_MATCH = YES;
				"CODE_SIGN_IDENTITY[sdk=iphoneos*]" = "iPhone Developer";
				COPY_PHASE_STRIP = NO;
				ENABLE_STRICT_OBJC_MSGSEND = YES;
				ENABLE_TESTABILITY = YES;
				"EXCLUDED_ARCHS[sdk=iphonesimulator*]" = "";
				GCC_C_LANGUAGE_STANDARD = gnu99;
				GCC_DYNAMIC_NO_PIC = NO;
				GCC_NO_COMMON_BLOCKS = YES;
				GCC_OPTIMIZATION_LEVEL = 0;
				GCC_PREPROCESSOR_DEFINITIONS = (
					"DEBUG=1",
					"$(inherited)",
				);
				GCC_SYMBOLS_PRIVATE_EXTERN = NO;
				GCC_WARN_64_TO_32_BIT_CONVERSION = YES;
				GCC_WARN_ABOUT_RETURN_TYPE = YES_ERROR;
				GCC_WARN_UNDECLARED_SELECTOR = YES;
				GCC_WARN_UNINITIALIZED_AUTOS = YES_AGGRESSIVE;
				GCC_WARN_UNUSED_FUNCTION = YES;
				GCC_WARN_UNUSED_VARIABLE = YES;
				IPHONEOS_DEPLOYMENT_TARGET = 13.4;
				LD_RUNPATH_SEARCH_PATHS = (
					/usr/lib/swift,
					"$(inherited)",
				);
				LIBRARY_SEARCH_PATHS = (
					"\"$(SDKROOT)/usr/lib/swift\"",
					"\"$(TOOLCHAIN_DIR)/usr/lib/swift/$(PLATFORM_NAME)\"",
					"\"$(inherited)\"",
				);
				MTL_ENABLE_DEBUG_INFO = YES;
				ONLY_ACTIVE_ARCH = YES;
				OTHER_CPLUSPLUSFLAGS = (
					"$(OTHER_CFLAGS)",
					"-DFOLLY_NO_CONFIG",
					"-DFOLLY_MOBILE=1",
					"-DFOLLY_USE_LIBCPP=1",
					"-DFOLLY_CFG_NO_COROUTINES=1",
				);
				SDKROOT = iphoneos;
			};
			name = Debug;
		};
		83CBBA211A601CBA00E9B192 /* Release */ = {
			isa = XCBuildConfiguration;
			buildSettings = {
				ALWAYS_SEARCH_USER_PATHS = NO;
				CLANG_ANALYZER_LOCALIZABILITY_NONLOCALIZED = YES;
				CLANG_CXX_LANGUAGE_STANDARD = "c++20";
				CLANG_CXX_LIBRARY = "libc++";
				CLANG_ENABLE_MODULES = YES;
				CLANG_ENABLE_OBJC_ARC = YES;
				CLANG_WARN_BLOCK_CAPTURE_AUTORELEASING = YES;
				CLANG_WARN_BOOL_CONVERSION = YES;
				CLANG_WARN_COMMA = YES;
				CLANG_WARN_CONSTANT_CONVERSION = YES;
				CLANG_WARN_DEPRECATED_OBJC_IMPLEMENTATIONS = YES;
				CLANG_WARN_DIRECT_OBJC_ISA_USAGE = YES_ERROR;
				CLANG_WARN_EMPTY_BODY = YES;
				CLANG_WARN_ENUM_CONVERSION = YES;
				CLANG_WARN_INFINITE_RECURSION = YES;
				CLANG_WARN_INT_CONVERSION = YES;
				CLANG_WARN_NON_LITERAL_NULL_CONVERSION = YES;
				CLANG_WARN_OBJC_IMPLICIT_RETAIN_SELF = YES;
				CLANG_WARN_OBJC_LITERAL_CONVERSION = YES;
				CLANG_WARN_OBJC_ROOT_CLASS = YES_ERROR;
				CLANG_WARN_QUOTED_INCLUDE_IN_FRAMEWORK_HEADER = YES;
				CLANG_WARN_RANGE_LOOP_ANALYSIS = YES;
				CLANG_WARN_STRICT_PROTOTYPES = YES;
				CLANG_WARN_SUSPICIOUS_MOVE = YES;
				CLANG_WARN_UNREACHABLE_CODE = YES;
				CLANG_WARN__DUPLICATE_METHOD_MATCH = YES;
				"CODE_SIGN_IDENTITY[sdk=iphoneos*]" = "iPhone Developer";
				COPY_PHASE_STRIP = YES;
				ENABLE_NS_ASSERTIONS = NO;
				ENABLE_STRICT_OBJC_MSGSEND = YES;
				"EXCLUDED_ARCHS[sdk=iphonesimulator*]" = "";
				GCC_C_LANGUAGE_STANDARD = gnu99;
				GCC_NO_COMMON_BLOCKS = YES;
				GCC_WARN_64_TO_32_BIT_CONVERSION = YES;
				GCC_WARN_ABOUT_RETURN_TYPE = YES_ERROR;
				GCC_WARN_UNDECLARED_SELECTOR = YES;
				GCC_WARN_UNINITIALIZED_AUTOS = YES_AGGRESSIVE;
				GCC_WARN_UNUSED_FUNCTION = YES;
				GCC_WARN_UNUSED_VARIABLE = YES;
				IPHONEOS_DEPLOYMENT_TARGET = 13.4;
				LD_RUNPATH_SEARCH_PATHS = (
					/usr/lib/swift,
					"$(inherited)",
				);
				LIBRARY_SEARCH_PATHS = (
					"\"$(SDKROOT)/usr/lib/swift\"",
					"\"$(TOOLCHAIN_DIR)/usr/lib/swift/$(PLATFORM_NAME)\"",
					"\"$(inherited)\"",
				);
				MTL_ENABLE_DEBUG_INFO = NO;
				OTHER_CPLUSPLUSFLAGS = (
					"$(OTHER_CFLAGS)",
					"-DFOLLY_NO_CONFIG",
					"-DFOLLY_MOBILE=1",
					"-DFOLLY_USE_LIBCPP=1",
					"-DFOLLY_CFG_NO_COROUTINES=1",
				);
				SDKROOT = iphoneos;
				VALIDATE_PRODUCT = YES;
			};
			name = Release;
		};
/* End XCBuildConfiguration section */

/* Begin XCConfigurationList section */
		00E357021AD99517003FC87E /* Build configuration list for PBXNativeTarget "Rn_NavigationTests" */ = {
			isa = XCConfigurationList;
			buildConfigurations = (
				00E356F61AD99517003FC87E /* Debug */,
				00E356F71AD99517003FC87E /* Release */,
			);
			defaultConfigurationIsVisible = 0;
			defaultConfigurationName = Release;
		};
		13B07F931A680F5B00A75B9A /* Build configuration list for PBXNativeTarget "Rn_Navigation" */ = {
			isa = XCConfigurationList;
			buildConfigurations = (
				13B07F941A680F5B00A75B9A /* Debug */,
				13B07F951A680F5B00A75B9A /* Release */,
			);
			defaultConfigurationIsVisible = 0;
			defaultConfigurationName = Release;
		};
		83CBB9FA1A601CBA00E9B192 /* Build configuration list for PBXProject "Rn_Navigation" */ = {
			isa = XCConfigurationList;
			buildConfigurations = (
				83CBBA201A601CBA00E9B192 /* Debug */,
				83CBBA211A601CBA00E9B192 /* Release */,
			);
			defaultConfigurationIsVisible = 0;
			defaultConfigurationName = Release;
		};
/* End XCConfigurationList section */
	};
	rootObject = 83CBB9F71A601CBA00E9B192 /* Project object */;
}
